
Microsoft Visual Studio Solution File, Format Version 12.00
# Visual Studio 2012
Project("{8BC9CEB8-8B4A-11D0-8D11-00A0C91BC942}") = "RTSPClientDll", "RTSPClientDll.vcxproj", "{69A347A8-7926-43BD-B91A-7DAE5BD3355D}"
EndProject
Project("{8BC9CEB8-8B4A-11D0-8D11-00A0C91BC942}") = "RTSPClientLib", "..\RTSPClientLib\RTSPClientLib.vcxproj", "{4C9E5E1A-FD1F-428F-B6E1-7711AFFD2A12}"
EndProject
Global
	GlobalSection(SolutionConfigurationPlatforms) = preSolution
		Debug|Win32 = Debug|Win32
		Debug|x64 = Debug|x64
		Release|Win32 = Release|Win32
		Release|x64 = Release|x64
	EndGlobalSection
	GlobalSection(ProjectConfigurationPlatforms) = postSolution
		{69A347A8-7926-43BD-B91A-7DAE5BD3355D}.Debug|Win32.ActiveCfg = Debug|Win32
		{69A347A8-7926-43BD-B91A-7DAE5BD3355D}.Debug|Win32.Build.0 = Debug|Win32
		{69A347A8-7926-43BD-B91A-7DAE5BD3355D}.Debug|x64.ActiveCfg = Debug|Win32
		{69A347A8-7926-43BD-B91A-7DAE5BD3355D}.Release|Win32.ActiveCfg = Release|Win32
		{69A347A8-7926-43BD-B91A-7DAE5BD3355D}.Release|Win32.Build.0 = Release|Win32
		{69A347A8-7926-43BD-B91A-7DAE5BD3355D}.Release|x64.ActiveCfg = Release|Win32
		{4C9E5E1A-FD1F-428F-B6E1-7711AFFD2A12}.Debug|Win32.ActiveCfg = Debug|Win32
		{4C9E5E1A-FD1F-428F-B6E1-7711AFFD2A12}.Debug|Win32.Build.0 = Debug|Win32
		{4C9E5E1A-FD1F-428F-B6E1-7711AFFD2A12}.Debug|x64.ActiveCfg = Debug|x64
		{4C9E5E1A-FD1F-428F-B6E1-7711AFFD2A12}.Debug|x64.Build.0 = Debug|x64
		{4C9E5E1A-FD1F-428F-B6E1-7711AFFD2A12}.Release|Win32.ActiveCfg = Release|Win32
		{4C9E5E1A-FD1F-428F-B6E1-7711AFFD2A12}.Release|Win32.Build.0 = Release|Win32
		{4C9E5E1A-FD1F-428F-B6E1-7711AFFD2A12}.Release|x64.ActiveCfg = Release|x64
		{4C9E5E1A-FD1F-428F-B6E1-7711AFFD2A12}.Release|x64.Build.0 = Release|x64
	EndGlobalSection
	GlobalSection(SolutionProperties) = preSolution
		HideSolutionNode = FALSE
	EndGlobalSection
EndGlobal
